// !$*UTF8*$!
{
	archiveVersion = 1;
	classes = {
	};
	objectVersion = 46;
	objects = {

/* Begin PBXBuildFile section */
		1793C6F11CF446300072ECB2 /* main.m in Sources */ = {isa = PBXBuildFile; fileRef = 1793C6F01CF446300072ECB2 /* main.m */; };
		1793C6F41CF446300072ECB2 /* AppDelegate.m in Sources */ = {isa = PBXBuildFile; fileRef = 1793C6F31CF446300072ECB2 /* AppDelegate.m */; };
		1793C6F71CF446300072ECB2 /* ViewController.m in Sources */ = {isa = PBXBuildFile; fileRef = 1793C6F61CF446300072ECB2 /* ViewController.m */; };
		1793C6FA1CF446300072ECB2 /* Main.storyboard in Resources */ = {isa = PBXBuildFile; fileRef = 1793C6F81CF446300072ECB2 /* Main.storyboard */; };
		1793C6FC1CF446300072ECB2 /* Assets.xcassets in Resources */ = {isa = PBXBuildFile; fileRef = 1793C6FB1CF446300072ECB2 /* Assets.xcassets */; };
		1793C6FF1CF446300072ECB2 /* LaunchScreen.storyboard in Resources */ = {isa = PBXBuildFile; fileRef = 1793C6FD1CF446300072ECB2 /* LaunchScreen.storyboard */; };
		1793C70A1CF446300072ECB2 /* SampleLoadingAppTests.m in Sources */ = {isa = PBXBuildFile; fileRef = 1793C7091CF446300072ECB2 /* SampleLoadingAppTests.m */; };
		1793C7151CF446300072ECB2 /* SampleLoadingAppUITests.m in Sources */ = {isa = PBXBuildFile; fileRef = 1793C7141CF446300072ECB2 /* SampleLoadingAppUITests.m */; };
		1793C7241CF44C750072ECB2 /* IconDownloader.m in Sources */ = {isa = PBXBuildFile; fileRef = 1793C7231CF44C750072ECB2 /* IconDownloader.m */; };
		1793C7271CF44CD20072ECB2 /* AppRecord.m in Sources */ = {isa = PBXBuildFile; fileRef = 1793C7261CF44CD20072ECB2 /* AppRecord.m */; };
		1793C7291CF44EC10072ECB2 /* UIKit.framework in Frameworks */ = {isa = PBXBuildFile; fileRef = 1793C7281CF44EC10072ECB2 /* UIKit.framework */; };
		1793C72B1CF44ECA0072ECB2 /* Foundation.framework in Frameworks */ = {isa = PBXBuildFile; fileRef = 1793C72A1CF44ECA0072ECB2 /* Foundation.framework */; };
		1793C72D1CF44ED80072ECB2 /* CoreGraphics.framework in Frameworks */ = {isa = PBXBuildFile; fileRef = 1793C72C1CF44ED80072ECB2 /* CoreGraphics.framework */; };
/* End PBXBuildFile section */

/* Begin PBXContainerItemProxy section */
		1793C7061CF446300072ECB2 /* PBXContainerItemProxy */ = {
			isa = PBXContainerItemProxy;
			containerPortal = 1793C6E41CF4462F0072ECB2 /* Project object */;
			proxyType = 1;
			remoteGlobalIDString = 1793C6EB1CF4462F0072ECB2;
			remoteInfo = SampleLoadingApp;
		};
		1793C7111CF446300072ECB2 /* PBXContainerItemProxy */ = {
			isa = PBXContainerItemProxy;
			containerPortal = 1793C6E41CF4462F0072ECB2 /* Project object */;
			proxyType = 1;
			remoteGlobalIDString = 1793C6EB1CF4462F0072ECB2;
			remoteInfo = SampleLoadingApp;
		};
/* End PBXContainerItemProxy section */

/* Begin PBXFileReference section */
		1793C6EC1CF4462F0072ECB2 /* SampleLoadingApp.app */ = {isa = PBXFileReference; explicitFileType = wrapper.application; includeInIndex = 0; path = SampleLoadingApp.app; sourceTree = BUILT_PRODUCTS_DIR; };
		1793C6F01CF446300072ECB2 /* main.m */ = {isa = PBXFileReference; lastKnownFileType = sourcecode.c.objc; path = main.m; sourceTree = "<group>"; };
		1793C6F21CF446300072ECB2 /* AppDelegate.h */ = {isa = PBXFileReference; lastKnownFileType = sourcecode.c.h; path = AppDelegate.h; sourceTree = "<group>"; };
		1793C6F31CF446300072ECB2 /* AppDelegate.m */ = {isa = PBXFileReference; lastKnownFileType = sourcecode.c.objc; path = AppDelegate.m; sourceTree = "<group>"; };
		1793C6F51CF446300072ECB2 /* ViewController.h */ = {isa = PBXFileReference; lastKnownFileType = sourcecode.c.h; path = ViewController.h; sourceTree = "<group>"; };
		1793C6F61CF446300072ECB2 /* ViewController.m */ = {isa = PBXFileReference; lastKnownFileType = sourcecode.c.objc; path = ViewController.m; sourceTree = "<group>"; };
		1793C6F91CF446300072ECB2 /* Base */ = {isa = PBXFileReference; lastKnownFileType = file.storyboard; name = Base; path = Base.lproj/Main.storyboard; sourceTree = "<group>"; };
		1793C6FB1CF446300072ECB2 /* Assets.xcassets */ = {isa = PBXFileReference; lastKnownFileType = folder.assetcatalog; path = Assets.xcassets; sourceTree = "<group>"; };
		1793C6FE1CF446300072ECB2 /* Base */ = {isa = PBXFileReference; lastKnownFileType = file.storyboard; name = Base; path = Base.lproj/LaunchScreen.storyboard; sourceTree = "<group>"; };
		1793C7001CF446300072ECB2 /* Info.plist */ = {isa = PBXFileReference; lastKnownFileType = text.plist.xml; path = Info.plist; sourceTree = "<group>"; };
		1793C7051CF446300072ECB2 /* SampleLoadingAppTests.xctest */ = {isa = PBXFileReference; explicitFileType = wrapper.cfbundle; includeInIndex = 0; path = SampleLoadingAppTests.xctest; sourceTree = BUILT_PRODUCTS_DIR; };
		1793C7091CF446300072ECB2 /* SampleLoadingAppTests.m */ = {isa = PBXFileReference; lastKnownFileType = sourcecode.c.objc; path = SampleLoadingAppTests.m; sourceTree = "<group>"; };
		1793C70B1CF446300072ECB2 /* Info.plist */ = {isa = PBXFileReference; lastKnownFileType = text.plist.xml; path = Info.plist; sourceTree = "<group>"; };
		1793C7101CF446300072ECB2 /* SampleLoadingAppUITests.xctest */ = {isa = PBXFileReference; explicitFileType = wrapper.cfbundle; includeInIndex = 0; path = SampleLoadingAppUITests.xctest; sourceTree = BUILT_PRODUCTS_DIR; };
		1793C7141CF446300072ECB2 /* SampleLoadingAppUITests.m */ = {isa = PBXFileReference; lastKnownFileType = sourcecode.c.objc; path = SampleLoadingAppUITests.m; sourceTree = "<group>"; };
		1793C7161CF446300072ECB2 /* Info.plist */ = {isa = PBXFileReference; lastKnownFileType = text.plist.xml; path = Info.plist; sourceTree = "<group>"; };
		1793C7221CF44C750072ECB2 /* IconDownloader.h */ = {isa = PBXFileReference; fileEncoding = 4; lastKnownFileType = sourcecode.c.h; path = IconDownloader.h; sourceTree = "<group>"; };
		1793C7231CF44C750072ECB2 /* IconDownloader.m */ = {isa = PBXFileReference; fileEncoding = 4; lastKnownFileType = sourcecode.c.objc; path = IconDownloader.m; sourceTree = "<group>"; };
		1793C7251CF44CD20072ECB2 /* AppRecord.h */ = {isa = PBXFileReference; fileEncoding = 4; lastKnownFileType = sourcecode.c.h; path = AppRecord.h; sourceTree = "<group>"; };
		1793C7261CF44CD20072ECB2 /* AppRecord.m */ = {isa = PBXFileReference; fileEncoding = 4; lastKnownFileType = sourcecode.c.objc; path = AppRecord.m; sourceTree = "<group>"; };
		1793C7281CF44EC10072ECB2 /* UIKit.framework */ = {isa = PBXFileReference; lastKnownFileType = wrapper.framework; name = UIKit.framework; path = System/Library/Frameworks/UIKit.framework; sourceTree = SDKROOT; };
		1793C72A1CF44ECA0072ECB2 /* Foundation.framework */ = {isa = PBXFileReference; lastKnownFileType = wrapper.framework; name = Foundation.framework; path = System/Library/Frameworks/Foundation.framework; sourceTree = SDKROOT; };
		1793C72C1CF44ED80072ECB2 /* CoreGraphics.framework */ = {isa = PBXFileReference; lastKnownFileType = wrapper.framework; name = CoreGraphics.framework; path = System/Library/Frameworks/CoreGraphics.framework; sourceTree = SDKROOT; };
/* End PBXFileReference section */

/* Begin PBXFrameworksBuildPhase section */
		1793C6E91CF4462F0072ECB2 /* Frameworks */ = {
			isa = PBXFrameworksBuildPhase;
			buildActionMask = 2147483647;
			files = (
				1793C72D1CF44ED80072ECB2 /* CoreGraphics.framework in Frameworks */,
				1793C72B1CF44ECA0072ECB2 /* Foundation.framework in Frameworks */,
				1793C7291CF44EC10072ECB2 /* UIKit.framework in Frameworks */,
			);
			runOnlyForDeploymentPostprocessing = 0;
		};
		1793C7021CF446300072ECB2 /* Frameworks */ = {
			isa = PBXFrameworksBuildPhase;
			buildActionMask = 2147483647;
			files = (
			);
			runOnlyForDeploymentPostprocessing = 0;
		};
		1793C70D1CF446300072ECB2 /* Frameworks */ = {
			isa = PBXFrameworksBuildPhase;
			buildActionMask = 2147483647;
			files = (
			);
			runOnlyForDeploymentPostprocessing = 0;
		};
/* End PBXFrameworksBuildPhase section */

/* Begin PBXGroup section */
		1793C6E31CF4462F0072ECB2 = {
			isa = PBXGroup;
			children = (
				1793C72C1CF44ED80072ECB2 /* CoreGraphics.framework */,
				1793C72A1CF44ECA0072ECB2 /* Foundation.framework */,
				1793C7281CF44EC10072ECB2 /* UIKit.framework */,
				1793C6EE1CF446300072ECB2 /* SampleLoadingApp */,
				1793C7081CF446300072ECB2 /* SampleLoadingAppTests */,
				1793C7131CF446300072ECB2 /* SampleLoadingAppUITests */,
				1793C6ED1CF4462F0072ECB2 /* Products */,
			);
			sourceTree = "<group>";
		};
		1793C6ED1CF4462F0072ECB2 /* Products */ = {
			isa = PBXGroup;
			children = (
				1793C6EC1CF4462F0072ECB2 /* SampleLoadingApp.app */,
				1793C7051CF446300072ECB2 /* SampleLoadingAppTests.xctest */,
				1793C7101CF446300072ECB2 /* SampleLoadingAppUITests.xctest */,
			);
			name = Products;
			sourceTree = "<group>";
		};
		1793C6EE1CF446300072ECB2 /* SampleLoadingApp */ = {
			isa = PBXGroup;
			children = (
				1793C6F21CF446300072ECB2 /* AppDelegate.h */,
				1793C6F31CF446300072ECB2 /* AppDelegate.m */,
				1793C6F51CF446300072ECB2 /* ViewController.h */,
				1793C6F61CF446300072ECB2 /* ViewController.m */,
				1793C7221CF44C750072ECB2 /* IconDownloader.h */,
				1793C7231CF44C750072ECB2 /* IconDownloader.m */,
				1793C7251CF44CD20072ECB2 /* AppRecord.h */,
				1793C7261CF44CD20072ECB2 /* AppRecord.m */,
				1793C6F81CF446300072ECB2 /* Main.storyboard */,
				1793C6FB1CF446300072ECB2 /* Assets.xcassets */,
				1793C6FD1CF446300072ECB2 /* LaunchScreen.storyboard */,
				1793C7001CF446300072ECB2 /* Info.plist */,
				1793C6EF1CF446300072ECB2 /* Supporting Files */,
			);
			path = SampleLoadingApp;
			sourceTree = "<group>";
		};
		1793C6EF1CF446300072ECB2 /* Supporting Files */ = {
			isa = PBXGroup;
			children = (
				1793C6F01CF446300072ECB2 /* main.m */,
			);
			name = "Supporting Files";
			sourceTree = "<group>";
		};
		1793C7081CF446300072ECB2 /* SampleLoadingAppTests */ = {
			isa = PBXGroup;
			children = (
				1793C7091CF446300072ECB2 /* SampleLoadingAppTests.m */,
				1793C70B1CF446300072ECB2 /* Info.plist */,
			);
			path = SampleLoadingAppTests;
			sourceTree = "<group>";
		};
		1793C7131CF446300072ECB2 /* SampleLoadingAppUITests */ = {
			isa = PBXGroup;
			children = (
				1793C7141CF446300072ECB2 /* SampleLoadingAppUITests.m */,
				1793C7161CF446300072ECB2 /* Info.plist */,
			);
			path = SampleLoadingAppUITests;
			sourceTree = "<group>";
		};
/* End PBXGroup section */

/* Begin PBXNativeTarget section */
		1793C6EB1CF4462F0072ECB2 /* SampleLoadingApp */ = {
			isa = PBXNativeTarget;
			buildConfigurationList = 1793C7191CF446300072ECB2 /* Build configuration list for PBXNativeTarget "SampleLoadingApp" */;
			buildPhases = (
				1793C6E81CF4462F0072ECB2 /* Sources */,
				1793C6E91CF4462F0072ECB2 /* Frameworks */,
				1793C6EA1CF4462F0072ECB2 /* Resources */,
			);
			buildRules = (
			);
			dependencies = (
			);
			name = SampleLoadingApp;
			productName = SampleLoadingApp;
			productReference = 1793C6EC1CF4462F0072ECB2 /* SampleLoadingApp.app */;
			productType = "com.apple.product-type.application";
		};
		1793C7041CF446300072ECB2 /* SampleLoadingAppTests */ = {
			isa = PBXNativeTarget;
			buildConfigurationList = 1793C71C1CF446300072ECB2 /* Build configuration list for PBXNativeTarget "SampleLoadingAppTests" */;
			buildPhases = (
				1793C7011CF446300072ECB2 /* Sources */,
				1793C7021CF446300072ECB2 /* Frameworks */,
				1793C7031CF446300072ECB2 /* Resources */,
			);
			buildRules = (
			);
			dependencies = (
				1793C7071CF446300072ECB2 /* PBXTargetDependency */,
			);
			name = SampleLoadingAppTests;
			productName = SampleLoadingAppTests;
			productReference = 1793C7051CF446300072ECB2 /* SampleLoadingAppTests.xctest */;
			productType = "com.apple.product-type.bundle.unit-test";
		};
		1793C70F1CF446300072ECB2 /* SampleLoadingAppUITests */ = {
			isa = PBXNativeTarget;
			buildConfigurationList = 1793C71F1CF446300072ECB2 /* Build configuration list for PBXNativeTarget "SampleLoadingAppUITests" */;
			buildPhases = (
				1793C70C1CF446300072ECB2 /* Sources */,
				1793C70D1CF446300072ECB2 /* Frameworks */,
				1793C70E1CF446300072ECB2 /* Resources */,
			);
			buildRules = (
			);
			dependencies = (
				1793C7121CF446300072ECB2 /* PBXTargetDependency */,
			);
			name = SampleLoadingAppUITests;
			productName = SampleLoadingAppUITests;
			productReference = 1793C7101CF446300072ECB2 /* SampleLoadingAppUITests.xctest */;
			productType = "com.apple.product-type.bundle.ui-testing";
		};
/* End PBXNativeTarget section */

/* Begin PBXProject section */
		1793C6E41CF4462F0072ECB2 /* Project object */ = {
			isa = PBXProject;
			attributes = {
				LastUpgradeCheck = 0730;
				ORGANIZATIONNAME = Test;
				TargetAttributes = {
					1793C6EB1CF4462F0072ECB2 = {
						CreatedOnToolsVersion = 7.3.1;
						DevelopmentTeam = 2992NHSMPW;
					};
					1793C7041CF446300072ECB2 = {
						CreatedOnToolsVersion = 7.3.1;
						DevelopmentTeam = 2992NHSMPW;
						TestTargetID = 1793C6EB1CF4462F0072ECB2;
					};
					1793C70F1CF446300072ECB2 = {
						CreatedOnToolsVersion = 7.3.1;
						DevelopmentTeam = 2992NHSMPW;
						TestTargetID = 1793C6EB1CF4462F0072ECB2;
					};
				};
			};
			buildConfigurationList = 1793C6E71CF4462F0072ECB2 /* Build configuration list for PBXProject "SampleLoadingApp" */;
			compatibilityVersion = "Xcode 3.2";
			developmentRegion = English;
			hasScannedForEncodings = 0;
			knownRegions = (
				en,
				Base,
			);
			mainGroup = 1793C6E31CF4462F0072ECB2;
			productRefGroup = 1793C6ED1CF4462F0072ECB2 /* Products */;
			projectDirPath = "";
			projectRoot = "";
			targets = (
				1793C6EB1CF4462F0072ECB2 /* SampleLoadingApp */,
				1793C7041CF446300072ECB2 /* SampleLoadingAppTests */,
				1793C70F1CF446300072ECB2 /* SampleLoadingAppUITests */,
			);
		};
/* End PBXProject section */

/* Begin PBXResourcesBuildPhase section */
		1793C6EA1CF4462F0072ECB2 /* Resources */ = {
			isa = PBXResourcesBuildPhase;
			buildActionMask = 2147483647;
			files = (
				1793C6FF1CF446300072ECB2 /* LaunchScreen.storyboard in Resources */,
				1793C6FC1CF446300072ECB2 /* Assets.xcassets in Resources */,
				1793C6FA1CF446300072ECB2 /* Main.storyboard in Resources */,
			);
			runOnlyForDeploymentPostprocessing = 0;
		};
		1793C7031CF446300072ECB2 /* Resources */ = {
			isa = PBXResourcesBuildPhase;
			buildActionMask = 2147483647;
			files = (
			);
			runOnlyForDeploymentPostprocessing = 0;
		};
		1793C70E1CF446300072ECB2 /* Resources */ = {
			isa = PBXResourcesBuildPhase;
			buildActionMask = 2147483647;
			files = (
			);
			runOnlyForDeploymentPostprocessing = 0;
		};
/* End PBXResourcesBuildPhase section */

/* Begin PBXSourcesBuildPhase section */
		1793C6E81CF4462F0072ECB2 /* Sources */ = {
			isa = PBXSourcesBuildPhase;
			buildActionMask = 2147483647;
			files = (
				1793C6F71CF446300072ECB2 /* ViewController.m in Sources */,
				1793C6F41CF446300072ECB2 /* AppDelegate.m in Sources */,
				1793C6F11CF446300072ECB2 /* main.m in Sources */,
				1793C7241CF44C750072ECB2 /* IconDownloader.m in Sources */,
				1793C7271CF44CD20072ECB2 /* AppRecord.m in Sources */,
			);
			runOnlyForDeploymentPostprocessing = 0;
		};
		1793C7011CF446300072ECB2 /* Sources */ = {
			isa = PBXSourcesBuildPhase;
			buildActionMask = 2147483647;
			files = (
				1793C70A1CF446300072ECB2 /* SampleLoadingAppTests.m in Sources */,
			);
			runOnlyForDeploymentPostprocessing = 0;
		};
		1793C70C1CF446300072ECB2 /* Sources */ = {
			isa = PBXSourcesBuildPhase;
			buildActionMask = 2147483647;
			files = (
				1793C7151CF446300072ECB2 /* SampleLoadingAppUITests.m in Sources */,
			);
			runOnlyForDeploymentPostprocessing = 0;
		};
/* End PBXSourcesBuildPhase section */

/* Begin PBXTargetDependency section */
		1793C7071CF446300072ECB2 /* PBXTargetDependency */ = {
			isa = PBXTargetDependency;
			target = 1793C6EB1CF4462F0072ECB2 /* SampleLoadingApp */;
			targetProxy = 1793C7061CF446300072ECB2 /* PBXContainerItemProxy */;
		};
		1793C7121CF446300072ECB2 /* PBXTargetDependency */ = {
			isa = PBXTargetDependency;
			target = 1793C6EB1CF4462F0072ECB2 /* SampleLoadingApp */;
			targetProxy = 1793C7111CF446300072ECB2 /* PBXContainerItemProxy */;
		};
/* End PBXTargetDependency section */

/* Begin PBXVariantGroup section */
		1793C6F81CF446300072ECB2 /* Main.storyboard */ = {
			isa = PBXVariantGroup;
			children = (
				1793C6F91CF446300072ECB2 /* Base */,
			);
			name = Main.storyboard;
			sourceTree = "<group>";
		};
		1793C6FD1CF446300072ECB2 /* LaunchScreen.storyboard */ = {
			isa = PBXVariantGroup;
			children = (
				1793C6FE1CF446300072ECB2 /* Base */,
			);
			name = LaunchScreen.storyboard;
			sourceTree = "<group>";
		};
/* End PBXVariantGroup section */

/* Begin XCBuildConfiguration section */
		1793C7171CF446300072ECB2 /* Debug */ = {
			isa = XCBuildConfiguration;
			buildSettings = {
				ALWAYS_SEARCH_USER_PATHS = NO;
				CLANG_ANALYZER_NONNULL = YES;
				CLANG_CXX_LANGUAGE_STANDARD = "gnu++0x";
				CLANG_CXX_LIBRARY = "libc++";
				CLANG_ENABLE_MODULES = YES;
				CLANG_ENABLE_OBJC_ARC = YES;
				CLANG_WARN_BOOL_CONVERSION = YES;
				CLANG_WARN_CONSTANT_CONVERSION = YES;
				CLANG_WARN_DIRECT_OBJC_ISA_USAGE = YES_ERROR;
				CLANG_WARN_EMPTY_BODY = YES;
				CLANG_WARN_ENUM_CONVERSION = YES;
				CLANG_WARN_INT_CONVERSION = YES;
				CLANG_WARN_OBJC_ROOT_CLASS = YES_ERROR;
				CLANG_WARN_UNREACHABLE_CODE = YES;
				CLANG_WARN__DUPLICATE_METHOD_MATCH = YES;
				"CODE_SIGN_IDENTITY[sdk=iphoneos*]" = "iPhone Developer";
				COPY_PHASE_STRIP = NO;
				DEBUG_INFORMATION_FORMAT = dwarf;
				ENABLE_STRICT_OBJC_MSGSEND = YES;
				ENABLE_TESTABILITY = YES;
				GCC_C_LANGUAGE_STANDARD = gnu99;
				GCC_DYNAMIC_NO_PIC = NO;
				GCC_NO_COMMON_BLOCKS = YES;
				GCC_OPTIMIZATION_LEVEL = 0;
				GCC_PREPROCESSOR_DEFINITIONS = (
					"DEBUG=1",
					"$(inherited)",
				);
				GCC_WARN_64_TO_32_BIT_CONVERSION = YES;
				GCC_WARN_ABOUT_RETURN_TYPE = YES_ERROR;
				GCC_WARN_UNDECLARED_SELECTOR = YES;
				GCC_WARN_UNINITIALIZED_AUTOS = YES_AGGRESSIVE;
				GCC_WARN_UNUSED_FUNCTION = YES;
				GCC_WARN_UNUSED_VARIABLE = YES;
				IPHONEOS_DEPLOYMENT_TARGET = 9.3;
				MTL_ENABLE_DEBUG_INFO = YES;
				ONLY_ACTIVE_ARCH = YES;
				SDKROOT = iphoneos;
			};
			name = Debug;
		};
		1793C7181CF446300072ECB2 /* Release */ = {
			isa = XCBuildConfiguration;
			buildSettings = {
				ALWAYS_SEARCH_USER_PATHS = NO;
				CLANG_ANALYZER_NONNULL = YES;
				CLANG_CXX_LANGUAGE_STANDARD = "gnu++0x";
				CLANG_CXX_LIBRARY = "libc++";
				CLANG_ENABLE_MODULES = YES;
				CLANG_ENABLE_OBJC_ARC = YES;
				CLANG_WARN_BOOL_CONVERSION = YES;
				CLANG_WARN_CONSTANT_CONVERSION = YES;
				CLANG_WARN_DIRECT_OBJC_ISA_USAGE = YES_ERROR;
				CLANG_WARN_EMPTY_BODY = YES;
				CLANG_WARN_ENUM_CONVERSION = YES;
				CLANG_WARN_INT_CONVERSION = YES;
				CLANG_WARN_OBJC_ROOT_CLASS = YES_ERROR;
				CLANG_WARN_UNREACHABLE_CODE = YES;
				CLANG_WARN__DUPLICATE_METHOD_MATCH = YES;
				"CODE_SIGN_IDENTITY[sdk=iphoneos*]" = "iPhone Developer";
				COPY_PHASE_STRIP = NO;
				DEBUG_INFORMATION_FORMAT = "dwarf-with-dsym";
				ENABLE_NS_ASSERTIONS = NO;
				ENABLE_STRICT_OBJC_MSGSEND = YES;
				GCC_C_LANGUAGE_STANDARD = gnu99;
				GCC_NO_COMMON_BLOCKS = YES;
				GCC_WARN_64_TO_32_BIT_CONVERSION = YES;
				GCC_WARN_ABOUT_RETURN_TYPE = YES_ERROR;
				GCC_WARN_UNDECLARED_SELECTOR = YES;
				GCC_WARN_UNINITIALIZED_AUTOS = YES_AGGRESSIVE;
				GCC_WARN_UNUSED_FUNCTION = YES;
				GCC_WARN_UNUSED_VARIABLE = YES;
				IPHONEOS_DEPLOYMENT_TARGET = 9.3;
				MTL_ENABLE_DEBUG_INFO = NO;
				SDKROOT = iphoneos;
				VALIDATE_PRODUCT = YES;
			};
			name = Release;
		};
		1793C71A1CF446300072ECB2 /* Debug */ = {
			isa = XCBuildConfiguration;
			buildSettings = {
				ASSETCATALOG_COMPILER_APPICON_NAME = AppIcon;
				INFOPLIST_FILE = SampleLoadingApp/Info.plist;
				LD_RUNPATH_SEARCH_PATHS = "$(inherited) @executable_path/Frameworks";
				PRODUCT_BUNDLE_IDENTIFIER = com.Test.SampleLoadingApp;
				PRODUCT_NAME = "$(TARGET_NAME)";
			};
			name = Debug;
		};
		1793C71B1CF446300072ECB2 /* Release */ = {
			isa = XCBuildConfiguration;
			buildSettings = {
				ASSETCATALOG_COMPILER_APPICON_NAME = AppIcon;
				INFOPLIST_FILE = SampleLoadingApp/Info.plist;
				LD_RUNPATH_SEARCH_PATHS = "$(inherited) @executable_path/Frameworks";
				PRODUCT_BUNDLE_IDENTIFIER = com.Test.SampleLoadingApp;
				PRODUCT_NAME = "$(TARGET_NAME)";
			};
			name = Release;
		};
		1793C71D1CF446300072ECB2 /* Debug */ = {
			isa = XCBuildConfiguration;
			buildSettings = {
				BUNDLE_LOADER = "$(TEST_HOST)";
				INFOPLIST_FILE = SampleLoadingAppTests/Info.plist;
				LD_RUNPATH_SEARCH_PATHS = "$(inherited) @executable_path/Frameworks @loader_path/Frameworks";
				PRODUCT_BUNDLE_IDENTIFIER = com.Test.SampleLoadingAppTests;
				PRODUCT_NAME = "$(TARGET_NAME)";
				TEST_HOST = "$(BUILT_PRODUCTS_DIR)/SampleLoadingApp.app/SampleLoadingApp";
			};
			name = Debug;
		};
		1793C71E1CF446300072ECB2 /* Release */ = {
			isa = XCBuildConfiguration;
			buildSettings = {
				BUNDLE_LOADER = "$(TEST_HOST)";
				INFOPLIST_FILE = SampleLoadingAppTests/Info.plist;
				LD_RUNPATH_SEARCH_PATHS = "$(inherited) @executable_path/Frameworks @loader_path/Frameworks";
				PRODUCT_BUNDLE_IDENTIFIER = com.Test.SampleLoadingAppTests;
				PRODUCT_NAME = "$(TARGET_NAME)";
				TEST_HOST = "$(BUILT_PRODUCTS_DIR)/SampleLoadingApp.app/SampleLoadingApp";
			};
			name = Release;
		};
		1793C7201CF446300072ECB2 /* Debug */ = {
			isa = XCBuildConfiguration;
			buildSettings = {
				INFOPLIST_FILE = SampleLoadingAppUITests/Info.plist;
				LD_RUNPATH_SEARCH_PATHS = "$(inherited) @executable_path/Frameworks @loader_path/Frameworks";
				PRODUCT_BUNDLE_IDENTIFIER = com.Test.SampleLoadingAppUITests;
				PRODUCT_NAME = "$(TARGET_NAME)";
				TEST_TARGET_NAME = SampleLoadingApp;
			};
			name = Debug;
		};
		1793C7211CF446300072ECB2 /* Release */ = {
			isa = XCBuildConfiguration;
			buildSettings = {
				INFOPLIST_FILE = SampleLoadingAppUITests/Info.plist;
				LD_RUNPATH_SEARCH_PATHS = "$(inherited) @executable_path/Frameworks @loader_path/Frameworks";
				PRODUCT_BUNDLE_IDENTIFIER = com.Test.SampleLoadingAppUITests;
				PRODUCT_NAME = "$(TARGET_NAME)";
				TEST_TARGET_NAME = SampleLoadingApp;
			};
			name = Release;
		};
/* End XCBuildConfiguration section */

/* Begin XCConfigurationList section */
		1793C6E71CF4462F0072ECB2 /* Build configuration list for PBXProject "SampleLoadingApp" */ = {
			isa = XCConfigurationList;
			buildConfigurations = (
				1793C7171CF446300072ECB2 /* Debug */,
				1793C7181CF446300072ECB2 /* Release */,
			);
			defaultConfigurationIsVisible = 0;
			defaultConfigurationName = Release;
		};
		1793C7191CF446300072ECB2 /* Build configuration list for PBXNativeTarget "SampleLoadingApp" */ = {
			isa = XCConfigurationList;
			buildConfigurations = (
				1793C71A1CF446300072ECB2 /* Debug */,
				1793C71B1CF446300072ECB2 /* Release */,
			);
			defaultConfigurationIsVisible = 0;
		};
		1793C71C1CF446300072ECB2 /* Build configuration list for PBXNativeTarget "SampleLoadingAppTests" */ = {
			isa = XCConfigurationList;
			buildConfigurations = (
				1793C71D1CF446300072ECB2 /* Debug */,
				1793C71E1CF446300072ECB2 /* Release */,
			);
			defaultConfigurationIsVisible = 0;
		};
		1793C71F1CF446300072ECB2 /* Build configuration list for PBXNativeTarget "SampleLoadingAppUITests" */ = {
			isa = XCConfigurationList;
			buildConfigurations = (
				1793C7201CF446300072ECB2 /* Debug */,
				1793C7211CF446300072ECB2 /* Release */,
			);
			defaultConfigurationIsVisible = 0;
		};
/* End XCConfigurationList section */
	};
	rootObject = 1793C6E41CF4462F0072ECB2 /* Project object */;
}
